{
  "requires": true,
  "lockfileVersion": 1,
  "dependencies": {
    "nativescript-flashlight": {
      "version": "2.0.1",
      "resolved": "https://registry.npmjs.org/nativescript-flashlight/-/nativescript-flashlight-2.0.1.tgz",
      "integrity": "sha512-BFAkfxS7ZZRj8HBSLrPsghrOeATp2rU5oKfjGXxX2VqcW8/8BUaw0TL819i+KaAvwWUIV+a1PAvCcURKakGIaA=="
    }
  }
}
